
Microsoft Visual Studio Solution File, Format Version 12.00
Project("{FAE04EC0-301F-11D3-BF4B-00C04F79EFBC}") = "TelegramBot.Api", "TelegramBot.Api\TelegramBot.Api.csproj", "{1535D126-104D-4448-A392-9D65F67FA0EA}"
EndProject
Project("{FAE04EC0-301F-11D3-BF4B-00C04F79EFBC}") = "DAL", "DAL\DAL.csproj", "{0886CFC2-E767-4DF0-9F74-8FB3B0DCDB1B}"
EndProject
Global
	GlobalSection(SolutionConfigurationPlatforms) = preSolution
		Debug|Any CPU = Debug|Any CPU
		Release|Any CPU = Release|Any CPU
	EndGlobalSection
	GlobalSection(ProjectConfigurationPlatforms) = postSolution
		{1535D126-104D-4448-A392-9D65F67FA0EA}.Debug|Any CPU.ActiveCfg = Debug|Any CPU
		{1535D126-104D-4448-A392-9D65F67FA0EA}.Debug|Any CPU.Build.0 = Debug|Any CPU
		{1535D126-104D-4448-A392-9D65F67FA0EA}.Release|Any CPU.ActiveCfg = Release|Any CPU
		{1535D126-104D-4448-A392-9D65F67FA0EA}.Release|Any CPU.Build.0 = Release|Any CPU
		{0886CFC2-E767-4DF0-9F74-8FB3B0DCDB1B}.Debug|Any CPU.ActiveCfg = Debug|Any CPU
		{0886CFC2-E767-4DF0-9F74-8FB3B0DCDB1B}.Debug|Any CPU.Build.0 = Debug|Any CPU
		{0886CFC2-E767-4DF0-9F74-8FB3B0DCDB1B}.Release|Any CPU.ActiveCfg = Release|Any CPU
		{0886CFC2-E767-4DF0-9F74-8FB3B0DCDB1B}.Release|Any CPU.Build.0 = Release|Any CPU
	EndGlobalSection
EndGlobal
